
Microsoft Visual Studio Solution File, Format Version 12.00
# Visual Studio Version 17
VisualStudioVersion = 17.4.33020.496
MinimumVisualStudioVersion = 10.0.40219.1
Project("{FAE04EC0-301F-11D3-BF4B-00C04F79EFBC}") = "CustomApiEndpoint", "CustomApiEndpoint\CustomApiEndpoint.csproj", "{6BF274D6-1F9B-4399-830B-75F399876AC1}"
EndProject
Global
	GlobalSection(SolutionConfigurationPlatforms) = preSolution
		Debug|Any CPU = Debug|Any CPU
		Release|Any CPU = Release|Any CPU
	EndGlobalSection
	GlobalSection(ProjectConfigurationPlatforms) = postSolution
		{6BF274D6-1F9B-4399-830B-75F399876AC1}.Debug|Any CPU.ActiveCfg = Debug|Any CPU
		{6BF274D6-1F9B-4399-830B-75F399876AC1}.Debug|Any CPU.Build.0 = Debug|Any CPU
		{6BF274D6-1F9B-4399-830B-75F399876AC1}.Release|Any CPU.ActiveCfg = Release|Any CPU
		{6BF274D6-1F9B-4399-830B-75F399876AC1}.Release|Any CPU.Build.0 = Release|Any CPU
	EndGlobalSection
	GlobalSection(SolutionProperties) = preSolution
		HideSolutionNode = FALSE
	EndGlobalSection
	GlobalSection(ExtensibilityGlobals) = postSolution
		SolutionGuid = {58A66D04-AA24-4240-A24C-392AD92DA64A}
	EndGlobalSection
EndGlobal
